
Microsoft Visual Studio Solution File, Format Version 12.00
# Visual Studio Version 17
VisualStudioVersion = 17.0.31903.59
MinimumVisualStudioVersion = 10.0.40219.1
Project("{FAE04EC0-301F-11D3-BF4B-00C04F79EFBC}") = "RedeNeural", "RedeNeural\RedeNeural.csproj", "{C98C3EBA-5DCD-443C-BC48-857DB8755F60}"
EndProject
Project("{FAE04EC0-301F-11D3-BF4B-00C04F79EFBC}") = "IACarrinho", "AppCarrinho\IACarrinho.csproj", "{7EC56289-72C2-4AD2-A497-CE2F1D7C57A3}"
EndProject
Project("{FAE04EC0-301F-11D3-BF4B-00C04F79EFBC}") = "ProjetoPista", "ProjetoPistaTeste\ProjetoPista.csproj", "{FD952411-98F8-479D-8CD5-B4193CFEE1E8}"
EndProject
Global
	GlobalSection(SolutionConfigurationPlatforms) = preSolution
		Debug|Any CPU = Debug|Any CPU
		Release|Any CPU = Release|Any CPU
	EndGlobalSection
	GlobalSection(ProjectConfigurationPlatforms) = postSolution
		{C98C3EBA-5DCD-443C-BC48-857DB8755F60}.Debug|Any CPU.ActiveCfg = Debug|Any CPU
		{C98C3EBA-5DCD-443C-BC48-857DB8755F60}.Debug|Any CPU.Build.0 = Debug|Any CPU
		{C98C3EBA-5DCD-443C-BC48-857DB8755F60}.Release|Any CPU.ActiveCfg = Release|Any CPU
		{C98C3EBA-5DCD-443C-BC48-857DB8755F60}.Release|Any CPU.Build.0 = Release|Any CPU
		{7EC56289-72C2-4AD2-A497-CE2F1D7C57A3}.Debug|Any CPU.ActiveCfg = Debug|Any CPU
		{7EC56289-72C2-4AD2-A497-CE2F1D7C57A3}.Debug|Any CPU.Build.0 = Debug|Any CPU
		{7EC56289-72C2-4AD2-A497-CE2F1D7C57A3}.Release|Any CPU.ActiveCfg = Release|Any CPU
		{7EC56289-72C2-4AD2-A497-CE2F1D7C57A3}.Release|Any CPU.Build.0 = Release|Any CPU
		{FD952411-98F8-479D-8CD5-B4193CFEE1E8}.Debug|Any CPU.ActiveCfg = Debug|Any CPU
		{FD952411-98F8-479D-8CD5-B4193CFEE1E8}.Debug|Any CPU.Build.0 = Debug|Any CPU
		{FD952411-98F8-479D-8CD5-B4193CFEE1E8}.Release|Any CPU.ActiveCfg = Release|Any CPU
		{FD952411-98F8-479D-8CD5-B4193CFEE1E8}.Release|Any CPU.Build.0 = Release|Any CPU
	EndGlobalSection
	GlobalSection(SolutionProperties) = preSolution
		HideSolutionNode = FALSE
	EndGlobalSection
	GlobalSection(ExtensibilityGlobals) = postSolution
		SolutionGuid = {F0290332-8315-49BB-A7B4-0115399846F8}
	EndGlobalSection
EndGlobal
